
Microsoft Visual Studio Solution File, Format Version 12.00
# Visual Studio Version 17
VisualStudioVersion = 17.9.34622.214
MinimumVisualStudioVersion = 10.0.40219.1
Project("{FAE04EC0-301F-11D3-BF4B-00C04F79EFBC}") = "22520853_Lab01", "22520853_Lab01\22520853_Lab01.csproj", "{841F6558-B4E2-4EF7-893E-A51FE33A048C}"
EndProject
Global
	GlobalSection(SolutionConfigurationPlatforms) = preSolution
		Debug|Any CPU = Debug|Any CPU
		Release|Any CPU = Release|Any CPU
	EndGlobalSection
	GlobalSection(ProjectConfigurationPlatforms) = postSolution
		{841F6558-B4E2-4EF7-893E-A51FE33A048C}.Debug|Any CPU.ActiveCfg = Debug|Any CPU
		{841F6558-B4E2-4EF7-893E-A51FE33A048C}.Debug|Any CPU.Build.0 = Debug|Any CPU
		{841F6558-B4E2-4EF7-893E-A51FE33A048C}.Release|Any CPU.ActiveCfg = Release|Any CPU
		{841F6558-B4E2-4EF7-893E-A51FE33A048C}.Release|Any CPU.Build.0 = Release|Any CPU
	EndGlobalSection
	GlobalSection(SolutionProperties) = preSolution
		HideSolutionNode = FALSE
	EndGlobalSection
	GlobalSection(ExtensibilityGlobals) = postSolution
		SolutionGuid = {8FA1D1B2-2B97-4781-BA91-6245D750BE4C}
	EndGlobalSection
EndGlobal
